
Microsoft Visual Studio Solution File, Format Version 12.00
# Visual Studio Version 17
VisualStudioVersion = 17.8.34322.80
MinimumVisualStudioVersion = 10.0.40219.1
Project("{FAE04EC0-301F-11D3-BF4B-00C04F79EFBC}") = "ecommerce", "ecommerce\ecommerce.csproj", "{58F99AFD-9972-463F-A959-DF9443A019EE}"
EndProject
Global
	GlobalSection(SolutionConfigurationPlatforms) = preSolution
		Debug|Any CPU = Debug|Any CPU
		Release|Any CPU = Release|Any CPU
	EndGlobalSection
	GlobalSection(ProjectConfigurationPlatforms) = postSolution
		{58F99AFD-9972-463F-A959-DF9443A019EE}.Debug|Any CPU.ActiveCfg = Debug|Any CPU
		{58F99AFD-9972-463F-A959-DF9443A019EE}.Debug|Any CPU.Build.0 = Debug|Any CPU
		{58F99AFD-9972-463F-A959-DF9443A019EE}.Release|Any CPU.ActiveCfg = Release|Any CPU
		{58F99AFD-9972-463F-A959-DF9443A019EE}.Release|Any CPU.Build.0 = Release|Any CPU
	EndGlobalSection
	GlobalSection(SolutionProperties) = preSolution
		HideSolutionNode = FALSE
	EndGlobalSection
	GlobalSection(ExtensibilityGlobals) = postSolution
		SolutionGuid = {C388FA9C-46E7-4069-BB00-2544FFB6BBF2}
	EndGlobalSection
EndGlobal
